
Microsoft Visual Studio Solution File, Format Version 12.00
# Visual Studio Version 17
VisualStudioVersion = 17.13.35919.96
MinimumVisualStudioVersion = 10.0.40219.1
Project("{FAE04EC0-301F-11D3-BF4B-00C04F79EFBC}") = "WpfExplorer", "WpfExplorer.csproj", "{10A146C8-959C-4299-AEDF-3B7145DD743F}"
EndProject
Project("{FAE04EC0-301F-11D3-BF4B-00C04F79EFBC}") = "WpfExplorer.Support", "..\WpfExplorer.Support\WpfExplorer.Support.csproj", "{3E30B453-C9D0-4D00-BD6F-134575529167}"
EndProject
Project("{FAE04EC0-301F-11D3-BF4B-00C04F79EFBC}") = "WpfExplorer.Forms", "..\WpfExplorer.Forms\WpfExplorer.Forms.csproj", "{77D61062-4A42-42A3-8513-2DA8A2853404}"
EndProject
Global
	GlobalSection(SolutionConfigurationPlatforms) = preSolution
		Debug|Any CPU = Debug|Any CPU
		Release|Any CPU = Release|Any CPU
	EndGlobalSection
	GlobalSection(ProjectConfigurationPlatforms) = postSolution
		{10A146C8-959C-4299-AEDF-3B7145DD743F}.Debug|Any CPU.ActiveCfg = Debug|Any CPU
		{10A146C8-959C-4299-AEDF-3B7145DD743F}.Debug|Any CPU.Build.0 = Debug|Any CPU
		{10A146C8-959C-4299-AEDF-3B7145DD743F}.Release|Any CPU.ActiveCfg = Release|Any CPU
		{10A146C8-959C-4299-AEDF-3B7145DD743F}.Release|Any CPU.Build.0 = Release|Any CPU
		{3E30B453-C9D0-4D00-BD6F-134575529167}.Debug|Any CPU.ActiveCfg = Debug|Any CPU
		{3E30B453-C9D0-4D00-BD6F-134575529167}.Debug|Any CPU.Build.0 = Debug|Any CPU
		{3E30B453-C9D0-4D00-BD6F-134575529167}.Release|Any CPU.ActiveCfg = Release|Any CPU
		{3E30B453-C9D0-4D00-BD6F-134575529167}.Release|Any CPU.Build.0 = Release|Any CPU
		{77D61062-4A42-42A3-8513-2DA8A2853404}.Debug|Any CPU.ActiveCfg = Debug|Any CPU
		{77D61062-4A42-42A3-8513-2DA8A2853404}.Debug|Any CPU.Build.0 = Debug|Any CPU
		{77D61062-4A42-42A3-8513-2DA8A2853404}.Release|Any CPU.ActiveCfg = Release|Any CPU
		{77D61062-4A42-42A3-8513-2DA8A2853404}.Release|Any CPU.Build.0 = Release|Any CPU
	EndGlobalSection
	GlobalSection(SolutionProperties) = preSolution
		HideSolutionNode = FALSE
	EndGlobalSection
	GlobalSection(ExtensibilityGlobals) = postSolution
		SolutionGuid = {3051BC18-686E-4C53-A71B-EAE193DC9CDE}
	EndGlobalSection
EndGlobal
